// !$*UTF8*$!
{
	archiveVersion = 1;
	classes = {
	};
	objectVersion = 46;
	objects = {

/* Begin PBXBuildFile section */
		4E00E8DF188C49E500A8E57D /* IGEAddGroupContactViewController.m in Sources */ = {isa = PBXBuildFile; fileRef = 4E00E8DE188C49E500A8E57D /* IGEAddGroupContactViewController.m */; };
		4E0B44D518898FDE001850E8 /* Main.storyboard in Resources */ = {isa = PBXBuildFile; fileRef = 4E0B44D418898FDE001850E8 /* Main.storyboard */; };
		4E1D542B18885D22009E3B5A /* CoreData.framework in Frameworks */ = {isa = PBXBuildFile; fileRef = 4E1D542A18885D22009E3B5A /* CoreData.framework */; };
		4E4E133D188932250091E604 /* IGETabViewController.m in Sources */ = {isa = PBXBuildFile; fileRef = 4E4E133C188932250091E604 /* IGETabViewController.m */; };
		4E4E1340188936EA0091E604 /* igendamodel.xcdatamodeld in Sources */ = {isa = PBXBuildFile; fileRef = 4E4E133E188936EA0091E604 /* igendamodel.xcdatamodeld */; };
		4E78AC071887FD85000538E6 /* QuartzCore.framework in Frameworks */ = {isa = PBXBuildFile; fileRef = 4E78AC061887FD85000538E6 /* QuartzCore.framework */; };
		4ED95FE9188B4F2300EF668A /* contacto.png in Resources */ = {isa = PBXBuildFile; fileRef = 4ED95FE8188B4F2300EF668A /* contacto.png */; };
		8316A0F0188AF9A300320439 /* IGEShowContactViewController.m in Sources */ = {isa = PBXBuildFile; fileRef = 8316A0EE188AF9A300320439 /* IGEShowContactViewController.m */; };
		8354C07A188ADC6A00728685 /* IGESettingsViewController.m in Sources */ = {isa = PBXBuildFile; fileRef = 8354C079188ADC6A00728685 /* IGESettingsViewController.m */; };
		83CD6F16188C4818002BA793 /* IGERootViewController.m in Sources */ = {isa = PBXBuildFile; fileRef = 8354C07F188AE0BA00728685 /* IGERootViewController.m */; };
		83DA3B831889532600FBA66E /* IGEGruposViewController.m in Sources */ = {isa = PBXBuildFile; fileRef = 83DA3B821889532600FBA66E /* IGEGruposViewController.m */; };
		83DA3B861889578700FBA66E /* IGEPersonasFromGrupoViewController.m in Sources */ = {isa = PBXBuildFile; fileRef = 83DA3B851889578700FBA66E /* IGEPersonasFromGrupoViewController.m */; };
		83DD9A3D188EFB4D00E6E9C1 /* IGESetting.m in Sources */ = {isa = PBXBuildFile; fileRef = 83DD9A3C188EFB4D00E6E9C1 /* IGESetting.m */; };
		B02DBC4F18868FE60019AAF1 /* Foundation.framework in Frameworks */ = {isa = PBXBuildFile; fileRef = B02DBC4E18868FE60019AAF1 /* Foundation.framework */; };
		B02DBC5118868FE60019AAF1 /* CoreGraphics.framework in Frameworks */ = {isa = PBXBuildFile; fileRef = B02DBC5018868FE60019AAF1 /* CoreGraphics.framework */; };
		B02DBC5318868FE60019AAF1 /* UIKit.framework in Frameworks */ = {isa = PBXBuildFile; fileRef = B02DBC5218868FE60019AAF1 /* UIKit.framework */; };
		B02DBC5918868FE60019AAF1 /* InfoPlist.strings in Resources */ = {isa = PBXBuildFile; fileRef = B02DBC5718868FE60019AAF1 /* InfoPlist.strings */; };
		B02DBC5B18868FE60019AAF1 /* main.m in Sources */ = {isa = PBXBuildFile; fileRef = B02DBC5A18868FE60019AAF1 /* main.m */; };
		B02DBC5F18868FE60019AAF1 /* IGEAppDelegate.m in Sources */ = {isa = PBXBuildFile; fileRef = B02DBC5E18868FE60019AAF1 /* IGEAppDelegate.m */; };
		B02DBC6A18868FE60019AAF1 /* Images.xcassets in Resources */ = {isa = PBXBuildFile; fileRef = B02DBC6918868FE60019AAF1 /* Images.xcassets */; };
		B02DBC7118868FE60019AAF1 /* XCTest.framework in Frameworks */ = {isa = PBXBuildFile; fileRef = B02DBC7018868FE60019AAF1 /* XCTest.framework */; };
		B02DBC7218868FE60019AAF1 /* Foundation.framework in Frameworks */ = {isa = PBXBuildFile; fileRef = B02DBC4E18868FE60019AAF1 /* Foundation.framework */; };
		B02DBC7318868FE60019AAF1 /* UIKit.framework in Frameworks */ = {isa = PBXBuildFile; fileRef = B02DBC5218868FE60019AAF1 /* UIKit.framework */; };
		B02DBC7B18868FE60019AAF1 /* InfoPlist.strings in Resources */ = {isa = PBXBuildFile; fileRef = B02DBC7918868FE60019AAF1 /* InfoPlist.strings */; };
		B02DBC7D18868FE60019AAF1 /* iGendaTests.m in Sources */ = {isa = PBXBuildFile; fileRef = B02DBC7C18868FE60019AAF1 /* iGendaTests.m */; };
		B05DC26C1887D8B100529752 /* IGEAddContactViewController.m in Sources */ = {isa = PBXBuildFile; fileRef = B05DC26B1887D8B100529752 /* IGEAddContactViewController.m */; };
		B05DC27F1887E51C00529752 /* IGEPersonasTableViewController.m in Sources */ = {isa = PBXBuildFile; fileRef = B05DC27E1887E51C00529752 /* IGEPersonasTableViewController.m */; };
		B069E4D218895ACE00F9D504 /* IGELoginViewController.m in Sources */ = {isa = PBXBuildFile; fileRef = B069E4D118895ACE00F9D504 /* IGELoginViewController.m */; };
		B069E4ED1889633400F9D504 /* NSObject+SBJson.m in Sources */ = {isa = PBXBuildFile; fileRef = B069E4D51889633400F9D504 /* NSObject+SBJson.m */; };
		B069E4EE1889633400F9D504 /* SBJsonParser.m in Sources */ = {isa = PBXBuildFile; fileRef = B069E4D81889633400F9D504 /* SBJsonParser.m */; };
		B069E4EF1889633400F9D504 /* SBJsonStreamParser.m in Sources */ = {isa = PBXBuildFile; fileRef = B069E4DA1889633400F9D504 /* SBJsonStreamParser.m */; };
		B069E4F01889633400F9D504 /* SBJsonStreamParserAccumulator.m in Sources */ = {isa = PBXBuildFile; fileRef = B069E4DC1889633400F9D504 /* SBJsonStreamParserAccumulator.m */; };
		B069E4F11889633400F9D504 /* SBJsonStreamParserAdapter.m in Sources */ = {isa = PBXBuildFile; fileRef = B069E4DE1889633400F9D504 /* SBJsonStreamParserAdapter.m */; };
		B069E4F21889633400F9D504 /* SBJsonStreamParserState.m in Sources */ = {isa = PBXBuildFile; fileRef = B069E4E01889633400F9D504 /* SBJsonStreamParserState.m */; };
		B069E4F31889633400F9D504 /* SBJsonStreamWriter.m in Sources */ = {isa = PBXBuildFile; fileRef = B069E4E21889633400F9D504 /* SBJsonStreamWriter.m */; };
		B069E4F41889633400F9D504 /* SBJsonStreamWriterAccumulator.m in Sources */ = {isa = PBXBuildFile; fileRef = B069E4E41889633400F9D504 /* SBJsonStreamWriterAccumulator.m */; };
		B069E4F51889633400F9D504 /* SBJsonStreamWriterState.m in Sources */ = {isa = PBXBuildFile; fileRef = B069E4E61889633400F9D504 /* SBJsonStreamWriterState.m */; };
		B069E4F61889633400F9D504 /* SBJsonTokeniser.m in Sources */ = {isa = PBXBuildFile; fileRef = B069E4E81889633400F9D504 /* SBJsonTokeniser.m */; };
		B069E4F71889633400F9D504 /* SBJsonUTF8Stream.m in Sources */ = {isa = PBXBuildFile; fileRef = B069E4EA1889633400F9D504 /* SBJsonUTF8Stream.m */; };
		B069E4F81889633400F9D504 /* SBJsonWriter.m in Sources */ = {isa = PBXBuildFile; fileRef = B069E4EC1889633400F9D504 /* SBJsonWriter.m */; };
		B07D2883188EF5CD000F3437 /* MessageUI.framework in Frameworks */ = {isa = PBXBuildFile; fileRef = B07D2882188EF5CD000F3437 /* MessageUI.framework */; };
		B0A56FD6188AF19700ED8A08 /* IGEEditContactViewController.m in Sources */ = {isa = PBXBuildFile; fileRef = AA26E7B7188A8753002A70BF /* IGEEditContactViewController.m */; };
		BE21D53118893FDD001C9328 /* contact.png in Resources */ = {isa = PBXBuildFile; fileRef = BE21D53018893FDD001C9328 /* contact.png */; };
		BE21D53518895C9E001C9328 /* IGEFavoritosTableViewController.m in Sources */ = {isa = PBXBuildFile; fileRef = BE21D53418895C9E001C9328 /* IGEFavoritosTableViewController.m */; };
		BE21D53818898C01001C9328 /* IGEContactToDelete.m in Sources */ = {isa = PBXBuildFile; fileRef = BE21D53718898C01001C9328 /* IGEContactToDelete.m */; };
		BE21D53E18898C02001C9328 /* IGEGroup.m in Sources */ = {isa = PBXBuildFile; fileRef = BE21D53D18898C02001C9328 /* IGEGroup.m */; };
		BE21D54118898C02001C9328 /* Contact.m in Sources */ = {isa = PBXBuildFile; fileRef = BE21D54018898C02001C9328 /* Contact.m */; };
/* End PBXBuildFile section */

/* Begin PBXContainerItemProxy section */
		B02DBC7418868FE60019AAF1 /* PBXContainerItemProxy */ = {
			isa = PBXContainerItemProxy;
			containerPortal = B02DBC4318868FE60019AAF1 /* Project object */;
			proxyType = 1;
			remoteGlobalIDString = B02DBC4A18868FE60019AAF1;
			remoteInfo = iGenda;
		};
/* End PBXContainerItemProxy section */

/* Begin PBXFileReference section */
		4E00E8DD188C49E500A8E57D /* IGEAddGroupContactViewController.h */ = {isa = PBXFileReference; fileEncoding = 4; lastKnownFileType = sourcecode.c.h; path = IGEAddGroupContactViewController.h; sourceTree = "<group>"; };
		4E00E8DE188C49E500A8E57D /* IGEAddGroupContactViewController.m */ = {isa = PBXFileReference; fileEncoding = 4; lastKnownFileType = sourcecode.c.objc; path = IGEAddGroupContactViewController.m; sourceTree = "<group>"; };
		4E0B44D418898FDE001850E8 /* Main.storyboard */ = {isa = PBXFileReference; fileEncoding = 4; lastKnownFileType = file.storyboard; path = Main.storyboard; sourceTree = "<group>"; };
		4E19E672188F770A00EA0ECC /* iGenda.entitlements */ = {isa = PBXFileReference; lastKnownFileType = text.xml; path = iGenda.entitlements; sourceTree = "<group>"; };
		4E1D542A18885D22009E3B5A /* CoreData.framework */ = {isa = PBXFileReference; lastKnownFileType = wrapper.framework; name = CoreData.framework; path = System/Library/Frameworks/CoreData.framework; sourceTree = SDKROOT; };
		4E4E133B188932250091E604 /* IGETabViewController.h */ = {isa = PBXFileReference; fileEncoding = 4; lastKnownFileType = sourcecode.c.h; path = IGETabViewController.h; sourceTree = "<group>"; };
		4E4E133C188932250091E604 /* IGETabViewController.m */ = {isa = PBXFileReference; fileEncoding = 4; lastKnownFileType = sourcecode.c.objc; path = IGETabViewController.m; sourceTree = "<group>"; };
		4E4E133F188936EA0091E604 /* igendamodel.xcdatamodel */ = {isa = PBXFileReference; lastKnownFileType = wrapper.xcdatamodel; path = igendamodel.xcdatamodel; sourceTree = "<group>"; };
		4E78AC061887FD85000538E6 /* QuartzCore.framework */ = {isa = PBXFileReference; lastKnownFileType = wrapper.framework; name = QuartzCore.framework; path = System/Library/Frameworks/QuartzCore.framework; sourceTree = SDKROOT; };
		4ED95FE8188B4F2300EF668A /* contacto.png */ = {isa = PBXFileReference; lastKnownFileType = image.png; path = contacto.png; sourceTree = "<group>"; };
		8316A0ED188AF9A300320439 /* IGEShowContactViewController.h */ = {isa = PBXFileReference; fileEncoding = 4; lastKnownFileType = sourcecode.c.h; path = IGEShowContactViewController.h; sourceTree = "<group>"; };
		8316A0EE188AF9A300320439 /* IGEShowContactViewController.m */ = {isa = PBXFileReference; fileEncoding = 4; lastKnownFileType = sourcecode.c.objc; path = IGEShowContactViewController.m; sourceTree = "<group>"; };
		8354C078188ADC6A00728685 /* IGESettingsViewController.h */ = {isa = PBXFileReference; fileEncoding = 4; lastKnownFileType = sourcecode.c.h; path = IGESettingsViewController.h; sourceTree = "<group>"; };
		8354C079188ADC6A00728685 /* IGESettingsViewController.m */ = {isa = PBXFileReference; fileEncoding = 4; lastKnownFileType = sourcecode.c.objc; path = IGESettingsViewController.m; sourceTree = "<group>"; };
		8354C07E188AE0BA00728685 /* IGERootViewController.h */ = {isa = PBXFileReference; fileEncoding = 4; lastKnownFileType = sourcecode.c.h; name = IGERootViewController.h; path = ../IGERootViewController.h; sourceTree = "<group>"; };
		8354C07F188AE0BA00728685 /* IGERootViewController.m */ = {isa = PBXFileReference; fileEncoding = 4; lastKnownFileType = sourcecode.c.objc; name = IGERootViewController.m; path = ../IGERootViewController.m; sourceTree = "<group>"; };
		83DA3B811889532600FBA66E /* IGEGruposViewController.h */ = {isa = PBXFileReference; fileEncoding = 4; lastKnownFileType = sourcecode.c.h; path = IGEGruposViewController.h; sourceTree = "<group>"; };
		83DA3B821889532600FBA66E /* IGEGruposViewController.m */ = {isa = PBXFileReference; fileEncoding = 4; lastKnownFileType = sourcecode.c.objc; path = IGEGruposViewController.m; sourceTree = "<group>"; };
		83DA3B841889578700FBA66E /* IGEPersonasFromGrupoViewController.h */ = {isa = PBXFileReference; fileEncoding = 4; lastKnownFileType = sourcecode.c.h; path = IGEPersonasFromGrupoViewController.h; sourceTree = "<group>"; };
		83DA3B851889578700FBA66E /* IGEPersonasFromGrupoViewController.m */ = {isa = PBXFileReference; fileEncoding = 4; lastKnownFileType = sourcecode.c.objc; path = IGEPersonasFromGrupoViewController.m; sourceTree = "<group>"; };
		83DD9A3B188EFB4D00E6E9C1 /* IGESetting.h */ = {isa = PBXFileReference; fileEncoding = 4; lastKnownFileType = sourcecode.c.h; path = IGESetting.h; sourceTree = "<group>"; };
		83DD9A3C188EFB4D00E6E9C1 /* IGESetting.m */ = {isa = PBXFileReference; fileEncoding = 4; lastKnownFileType = sourcecode.c.objc; path = IGESetting.m; sourceTree = "<group>"; };
		AA26E7B6188A8753002A70BF /* IGEEditContactViewController.h */ = {isa = PBXFileReference; fileEncoding = 4; lastKnownFileType = sourcecode.c.h; path = IGEEditContactViewController.h; sourceTree = "<group>"; };
		AA26E7B7188A8753002A70BF /* IGEEditContactViewController.m */ = {isa = PBXFileReference; fileEncoding = 4; lastKnownFileType = sourcecode.c.objc; path = IGEEditContactViewController.m; sourceTree = "<group>"; };
		B02DBC4B18868FE60019AAF1 /* iGenda.app */ = {isa = PBXFileReference; explicitFileType = wrapper.application; includeInIndex = 0; path = iGenda.app; sourceTree = BUILT_PRODUCTS_DIR; };
		B02DBC4E18868FE60019AAF1 /* Foundation.framework */ = {isa = PBXFileReference; lastKnownFileType = wrapper.framework; name = Foundation.framework; path = System/Library/Frameworks/Foundation.framework; sourceTree = SDKROOT; };
		B02DBC5018868FE60019AAF1 /* CoreGraphics.framework */ = {isa = PBXFileReference; lastKnownFileType = wrapper.framework; name = CoreGraphics.framework; path = System/Library/Frameworks/CoreGraphics.framework; sourceTree = SDKROOT; };
		B02DBC5218868FE60019AAF1 /* UIKit.framework */ = {isa = PBXFileReference; lastKnownFileType = wrapper.framework; name = UIKit.framework; path = System/Library/Frameworks/UIKit.framework; sourceTree = SDKROOT; };
		B02DBC5618868FE60019AAF1 /* iGenda-Info.plist */ = {isa = PBXFileReference; lastKnownFileType = text.plist.xml; path = "iGenda-Info.plist"; sourceTree = "<group>"; };
		B02DBC5818868FE60019AAF1 /* en */ = {isa = PBXFileReference; lastKnownFileType = text.plist.strings; name = en; path = en.lproj/InfoPlist.strings; sourceTree = "<group>"; };
		B02DBC5A18868FE60019AAF1 /* main.m */ = {isa = PBXFileReference; lastKnownFileType = sourcecode.c.objc; path = main.m; sourceTree = "<group>"; };
		B02DBC5C18868FE60019AAF1 /* iGenda-Prefix.pch */ = {isa = PBXFileReference; lastKnownFileType = sourcecode.c.h; path = "iGenda-Prefix.pch"; sourceTree = "<group>"; };
		B02DBC5D18868FE60019AAF1 /* IGEAppDelegate.h */ = {isa = PBXFileReference; lastKnownFileType = sourcecode.c.h; path = IGEAppDelegate.h; sourceTree = "<group>"; };
		B02DBC5E18868FE60019AAF1 /* IGEAppDelegate.m */ = {isa = PBXFileReference; lastKnownFileType = sourcecode.c.objc; path = IGEAppDelegate.m; sourceTree = "<group>"; };
		B02DBC6918868FE60019AAF1 /* Images.xcassets */ = {isa = PBXFileReference; lastKnownFileType = folder.assetcatalog; path = Images.xcassets; sourceTree = "<group>"; };
		B02DBC6F18868FE60019AAF1 /* iGendaTests.xctest */ = {isa = PBXFileReference; explicitFileType = wrapper.cfbundle; includeInIndex = 0; path = iGendaTests.xctest; sourceTree = BUILT_PRODUCTS_DIR; };
		B02DBC7018868FE60019AAF1 /* XCTest.framework */ = {isa = PBXFileReference; lastKnownFileType = wrapper.framework; name = XCTest.framework; path = Library/Frameworks/XCTest.framework; sourceTree = DEVELOPER_DIR; };
		B02DBC7818868FE60019AAF1 /* iGendaTests-Info.plist */ = {isa = PBXFileReference; lastKnownFileType = text.plist.xml; path = "iGendaTests-Info.plist"; sourceTree = "<group>"; };
		B02DBC7A18868FE60019AAF1 /* en */ = {isa = PBXFileReference; lastKnownFileType = text.plist.strings; name = en; path = en.lproj/InfoPlist.strings; sourceTree = "<group>"; };
		B02DBC7C18868FE60019AAF1 /* iGendaTests.m */ = {isa = PBXFileReference; lastKnownFileType = sourcecode.c.objc; path = iGendaTests.m; sourceTree = "<group>"; };
		B05DC26A1887D8B100529752 /* IGEAddContactViewController.h */ = {isa = PBXFileReference; fileEncoding = 4; lastKnownFileType = sourcecode.c.h; path = IGEAddContactViewController.h; sourceTree = "<group>"; };
		B05DC26B1887D8B100529752 /* IGEAddContactViewController.m */ = {isa = PBXFileReference; fileEncoding = 4; lastKnownFileType = sourcecode.c.objc; path = IGEAddContactViewController.m; sourceTree = "<group>"; };
		B05DC27D1887E51C00529752 /* IGEPersonasTableViewController.h */ = {isa = PBXFileReference; fileEncoding = 4; lastKnownFileType = sourcecode.c.h; path = IGEPersonasTableViewController.h; sourceTree = "<group>"; };
		B05DC27E1887E51C00529752 /* IGEPersonasTableViewController.m */ = {isa = PBXFileReference; fileEncoding = 4; lastKnownFileType = sourcecode.c.objc; path = IGEPersonasTableViewController.m; sourceTree = "<group>"; };
		B069E4D018895ACE00F9D504 /* IGELoginViewController.h */ = {isa = PBXFileReference; fileEncoding = 4; lastKnownFileType = sourcecode.c.h; path = IGELoginViewController.h; sourceTree = "<group>"; };
		B069E4D118895ACE00F9D504 /* IGELoginViewController.m */ = {isa = PBXFileReference; fileEncoding = 4; lastKnownFileType = sourcecode.c.objc; path = IGELoginViewController.m; sourceTree = "<group>"; };
		B069E4D41889633400F9D504 /* NSObject+SBJson.h */ = {isa = PBXFileReference; fileEncoding = 4; lastKnownFileType = sourcecode.c.h; path = "NSObject+SBJson.h"; sourceTree = "<group>"; };
		B069E4D51889633400F9D504 /* NSObject+SBJson.m */ = {isa = PBXFileReference; fileEncoding = 4; lastKnownFileType = sourcecode.c.objc; path = "NSObject+SBJson.m"; sourceTree = "<group>"; };
		B069E4D61889633400F9D504 /* SBJson.h */ = {isa = PBXFileReference; fileEncoding = 4; lastKnownFileType = sourcecode.c.h; path = SBJson.h; sourceTree = "<group>"; };
		B069E4D71889633400F9D504 /* SBJsonParser.h */ = {isa = PBXFileReference; fileEncoding = 4; lastKnownFileType = sourcecode.c.h; path = SBJsonParser.h; sourceTree = "<group>"; };
		B069E4D81889633400F9D504 /* SBJsonParser.m */ = {isa = PBXFileReference; fileEncoding = 4; lastKnownFileType = sourcecode.c.objc; path = SBJsonParser.m; sourceTree = "<group>"; };
		B069E4D91889633400F9D504 /* SBJsonStreamParser.h */ = {isa = PBXFileReference; fileEncoding = 4; lastKnownFileType = sourcecode.c.h; path = SBJsonStreamParser.h; sourceTree = "<group>"; };
		B069E4DA1889633400F9D504 /* SBJsonStreamParser.m */ = {isa = PBXFileReference; fileEncoding = 4; lastKnownFileType = sourcecode.c.objc; path = SBJsonStreamParser.m; sourceTree = "<group>"; };
		B069E4DB1889633400F9D504 /* SBJsonStreamParserAccumulator.h */ = {isa = PBXFileReference; fileEncoding = 4; lastKnownFileType = sourcecode.c.h; path = SBJsonStreamParserAccumulator.h; sourceTree = "<group>"; };
		B069E4DC1889633400F9D504 /* SBJsonStreamParserAccumulator.m */ = {isa = PBXFileReference; fileEncoding = 4; lastKnownFileType = sourcecode.c.objc; path = SBJsonStreamParserAccumulator.m; sourceTree = "<group>"; };
		B069E4DD1889633400F9D504 /* SBJsonStreamParserAdapter.h */ = {isa = PBXFileReference; fileEncoding = 4; lastKnownFileType = sourcecode.c.h; path = SBJsonStreamParserAdapter.h; sourceTree = "<group>"; };
		B069E4DE1889633400F9D504 /* SBJsonStreamParserAdapter.m */ = {isa = PBXFileReference; fileEncoding = 4; lastKnownFileType = sourcecode.c.objc; path = SBJsonStreamParserAdapter.m; sourceTree = "<group>"; };
		B069E4DF1889633400F9D504 /* SBJsonStreamParserState.h */ = {isa = PBXFileReference; fileEncoding = 4; lastKnownFileType = sourcecode.c.h; path = SBJsonStreamParserState.h; sourceTree = "<group>"; };
		B069E4E01889633400F9D504 /* SBJsonStreamParserState.m */ = {isa = PBXFileReference; fileEncoding = 4; lastKnownFileType = sourcecode.c.objc; path = SBJsonStreamParserState.m; sourceTree = "<group>"; };
		B069E4E11889633400F9D504 /* SBJsonStreamWriter.h */ = {isa = PBXFileReference; fileEncoding = 4; lastKnownFileType = sourcecode.c.h; path = SBJsonStreamWriter.h; sourceTree = "<group>"; };
		B069E4E21889633400F9D504 /* SBJsonStreamWriter.m */ = {isa = PBXFileReference; fileEncoding = 4; lastKnownFileType = sourcecode.c.objc; path = SBJsonStreamWriter.m; sourceTree = "<group>"; };
		B069E4E31889633400F9D504 /* SBJsonStreamWriterAccumulator.h */ = {isa = PBXFileReference; fileEncoding = 4; lastKnownFileType = sourcecode.c.h; path = SBJsonStreamWriterAccumulator.h; sourceTree = "<group>"; };
		B069E4E41889633400F9D504 /* SBJsonStreamWriterAccumulator.m */ = {isa = PBXFileReference; fileEncoding = 4; lastKnownFileType = sourcecode.c.objc; path = SBJsonStreamWriterAccumulator.m; sourceTree = "<group>"; };
		B069E4E51889633400F9D504 /* SBJsonStreamWriterState.h */ = {isa = PBXFileReference; fileEncoding = 4; lastKnownFileType = sourcecode.c.h; path = SBJsonStreamWriterState.h; sourceTree = "<group>"; };
		B069E4E61889633400F9D504 /* SBJsonStreamWriterState.m */ = {isa = PBXFileReference; fileEncoding = 4; lastKnownFileType = sourcecode.c.objc; path = SBJsonStreamWriterState.m; sourceTree = "<group>"; };
		B069E4E71889633400F9D504 /* SBJsonTokeniser.h */ = {isa = PBXFileReference; fileEncoding = 4; lastKnownFileType = sourcecode.c.h; path = SBJsonTokeniser.h; sourceTree = "<group>"; };
		B069E4E81889633400F9D504 /* SBJsonTokeniser.m */ = {isa = PBXFileReference; fileEncoding = 4; lastKnownFileType = sourcecode.c.objc; path = SBJsonTokeniser.m; sourceTree = "<group>"; };
		B069E4E91889633400F9D504 /* SBJsonUTF8Stream.h */ = {isa = PBXFileReference; fileEncoding = 4; lastKnownFileType = sourcecode.c.h; path = SBJsonUTF8Stream.h; sourceTree = "<group>"; };
		B069E4EA1889633400F9D504 /* SBJsonUTF8Stream.m */ = {isa = PBXFileReference; fileEncoding = 4; lastKnownFileType = sourcecode.c.objc; path = SBJsonUTF8Stream.m; sourceTree = "<group>"; };
		B069E4EB1889633400F9D504 /* SBJsonWriter.h */ = {isa = PBXFileReference; fileEncoding = 4; lastKnownFileType = sourcecode.c.h; path = SBJsonWriter.h; sourceTree = "<group>"; };
		B069E4EC1889633400F9D504 /* SBJsonWriter.m */ = {isa = PBXFileReference; fileEncoding = 4; lastKnownFileType = sourcecode.c.objc; path = SBJsonWriter.m; sourceTree = "<group>"; };
		B07D2882188EF5CD000F3437 /* MessageUI.framework */ = {isa = PBXFileReference; lastKnownFileType = wrapper.framework; name = MessageUI.framework; path = System/Library/Frameworks/MessageUI.framework; sourceTree = SDKROOT; };
		BE21D53018893FDD001C9328 /* contact.png */ = {isa = PBXFileReference; lastKnownFileType = image.png; path = contact.png; sourceTree = "<group>"; };
		BE21D53318895C9E001C9328 /* IGEFavoritosTableViewController.h */ = {isa = PBXFileReference; fileEncoding = 4; lastKnownFileType = sourcecode.c.h; path = IGEFavoritosTableViewController.h; sourceTree = "<group>"; };
		BE21D53418895C9E001C9328 /* IGEFavoritosTableViewController.m */ = {isa = PBXFileReference; fileEncoding = 4; lastKnownFileType = sourcecode.c.objc; path = IGEFavoritosTableViewController.m; sourceTree = "<group>"; };
		BE21D53618898C01001C9328 /* IGEContactToDelete.h */ = {isa = PBXFileReference; fileEncoding = 4; lastKnownFileType = sourcecode.c.h; path = IGEContactToDelete.h; sourceTree = "<group>"; };
		BE21D53718898C01001C9328 /* IGEContactToDelete.m */ = {isa = PBXFileReference; fileEncoding = 4; lastKnownFileType = sourcecode.c.objc; path = IGEContactToDelete.m; sourceTree = "<group>"; };
		BE21D53C18898C02001C9328 /* IGEGroup.h */ = {isa = PBXFileReference; fileEncoding = 4; lastKnownFileType = sourcecode.c.h; path = IGEGroup.h; sourceTree = "<group>"; };
		BE21D53D18898C02001C9328 /* IGEGroup.m */ = {isa = PBXFileReference; fileEncoding = 4; lastKnownFileType = sourcecode.c.objc; path = IGEGroup.m; sourceTree = "<group>"; };
		BE21D53F18898C02001C9328 /* Contact.h */ = {isa = PBXFileReference; fileEncoding = 4; lastKnownFileType = sourcecode.c.h; path = Contact.h; sourceTree = "<group>"; };
		BE21D54018898C02001C9328 /* Contact.m */ = {isa = PBXFileReference; fileEncoding = 4; lastKnownFileType = sourcecode.c.objc; path = Contact.m; sourceTree = "<group>"; };
/* End PBXFileReference section */

/* Begin PBXFrameworksBuildPhase section */
		B02DBC4818868FE60019AAF1 /* Frameworks */ = {
			isa = PBXFrameworksBuildPhase;
			buildActionMask = 2147483647;
			files = (
				B07D2883188EF5CD000F3437 /* MessageUI.framework in Frameworks */,
				4E1D542B18885D22009E3B5A /* CoreData.framework in Frameworks */,
				4E78AC071887FD85000538E6 /* QuartzCore.framework in Frameworks */,
				B02DBC5118868FE60019AAF1 /* CoreGraphics.framework in Frameworks */,
				B02DBC5318868FE60019AAF1 /* UIKit.framework in Frameworks */,
				B02DBC4F18868FE60019AAF1 /* Foundation.framework in Frameworks */,
			);
			runOnlyForDeploymentPostprocessing = 0;
		};
		B02DBC6C18868FE60019AAF1 /* Frameworks */ = {
			isa = PBXFrameworksBuildPhase;
			buildActionMask = 2147483647;
			files = (
				B02DBC7118868FE60019AAF1 /* XCTest.framework in Frameworks */,
				B02DBC7318868FE60019AAF1 /* UIKit.framework in Frameworks */,
				B02DBC7218868FE60019AAF1 /* Foundation.framework in Frameworks */,
			);
			runOnlyForDeploymentPostprocessing = 0;
		};
/* End PBXFrameworksBuildPhase section */

/* Begin PBXGroup section */
		4E1D53D018883B6D009E3B5A /* Classes */ = {
			isa = PBXGroup;
			children = (
				83DD9A3B188EFB4D00E6E9C1 /* IGESetting.h */,
				83DD9A3C188EFB4D00E6E9C1 /* IGESetting.m */,
				BE21D53618898C01001C9328 /* IGEContactToDelete.h */,
				BE21D53F18898C02001C9328 /* Contact.h */,
				BE21D54018898C02001C9328 /* Contact.m */,
				BE21D53C18898C02001C9328 /* IGEGroup.h */,
				BE21D53D18898C02001C9328 /* IGEGroup.m */,
				BE21D53718898C01001C9328 /* IGEContactToDelete.m */,
			);
			name = Classes;
			sourceTree = "<group>";
		};
		4E1D53D118883B9D009E3B5A /* ViewController */ = {
			isa = PBXGroup;
			children = (
				8316A0ED188AF9A300320439 /* IGEShowContactViewController.h */,
				8316A0EE188AF9A300320439 /* IGEShowContactViewController.m */,
				8354C07E188AE0BA00728685 /* IGERootViewController.h */,
				8354C07F188AE0BA00728685 /* IGERootViewController.m */,
				8354C078188ADC6A00728685 /* IGESettingsViewController.h */,
				8354C079188ADC6A00728685 /* IGESettingsViewController.m */,
				B069E4D018895ACE00F9D504 /* IGELoginViewController.h */,
				B069E4D118895ACE00F9D504 /* IGELoginViewController.m */,
				83DA3B841889578700FBA66E /* IGEPersonasFromGrupoViewController.h */,
				83DA3B851889578700FBA66E /* IGEPersonasFromGrupoViewController.m */,
				BE21D53318895C9E001C9328 /* IGEFavoritosTableViewController.h */,
				BE21D53418895C9E001C9328 /* IGEFavoritosTableViewController.m */,
				4E4E133B188932250091E604 /* IGETabViewController.h */,
				4E4E133C188932250091E604 /* IGETabViewController.m */,
				B02DBC5D18868FE60019AAF1 /* IGEAppDelegate.h */,
				B02DBC5E18868FE60019AAF1 /* IGEAppDelegate.m */,
				B05DC27D1887E51C00529752 /* IGEPersonasTableViewController.h */,
				B05DC27E1887E51C00529752 /* IGEPersonasTableViewController.m */,
				B05DC26A1887D8B100529752 /* IGEAddContactViewController.h */,
				B05DC26B1887D8B100529752 /* IGEAddContactViewController.m */,
				AA26E7B6188A8753002A70BF /* IGEEditContactViewController.h */,
				AA26E7B7188A8753002A70BF /* IGEEditContactViewController.m */,
				83DA3B811889532600FBA66E /* IGEGruposViewController.h */,
				83DA3B821889532600FBA66E /* IGEGruposViewController.m */,
				4E00E8DD188C49E500A8E57D /* IGEAddGroupContactViewController.h */,
				4E00E8DE188C49E500A8E57D /* IGEAddGroupContactViewController.m */,
			);
			name = ViewController;
			sourceTree = "<group>";
		};
		B02DBC4218868FE60019AAF1 = {
			isa = PBXGroup;
			children = (
				4E4E133E188936EA0091E604 /* igendamodel.xcdatamodeld */,
				B02DBC5418868FE60019AAF1 /* iGenda */,
				B02DBC7618868FE60019AAF1 /* iGendaTests */,
				B02DBC4D18868FE60019AAF1 /* Frameworks */,
				B02DBC4C18868FE60019AAF1 /* Products */,
			);
			sourceTree = "<group>";
		};
		B02DBC4C18868FE60019AAF1 /* Products */ = {
			isa = PBXGroup;
			children = (
				B02DBC4B18868FE60019AAF1 /* iGenda.app */,
				B02DBC6F18868FE60019AAF1 /* iGendaTests.xctest */,
			);
			name = Products;
			sourceTree = "<group>";
		};
		B02DBC4D18868FE60019AAF1 /* Frameworks */ = {
			isa = PBXGroup;
			children = (
				B07D2882188EF5CD000F3437 /* MessageUI.framework */,
				4E1D542A18885D22009E3B5A /* CoreData.framework */,
				4E78AC061887FD85000538E6 /* QuartzCore.framework */,
				B02DBC4E18868FE60019AAF1 /* Foundation.framework */,
				B02DBC5018868FE60019AAF1 /* CoreGraphics.framework */,
				B02DBC5218868FE60019AAF1 /* UIKit.framework */,
				B02DBC7018868FE60019AAF1 /* XCTest.framework */,
			);
			name = Frameworks;
			sourceTree = "<group>";
		};
		B02DBC5418868FE60019AAF1 /* iGenda */ = {
			isa = PBXGroup;
			children = (
				4E19E672188F770A00EA0ECC /* iGenda.entitlements */,
				B069E4D31889630D00F9D504 /* json */,
				BE21D53218894471001C9328 /* Resources */,
				4E1D53D118883B9D009E3B5A /* ViewController */,
				4E1D53D018883B6D009E3B5A /* Classes */,
				B02DBC6918868FE60019AAF1 /* Images.xcassets */,
				4E0B44D418898FDE001850E8 /* Main.storyboard */,
				B02DBC5518868FE60019AAF1 /* Supporting Files */,
			);
			path = iGenda;
			sourceTree = "<group>";
		};
		B02DBC5518868FE60019AAF1 /* Supporting Files */ = {
			isa = PBXGroup;
			children = (
				B02DBC5618868FE60019AAF1 /* iGenda-Info.plist */,
				B02DBC5718868FE60019AAF1 /* InfoPlist.strings */,
				B02DBC5A18868FE60019AAF1 /* main.m */,
				B02DBC5C18868FE60019AAF1 /* iGenda-Prefix.pch */,
			);
			name = "Supporting Files";
			sourceTree = "<group>";
		};
		B02DBC7618868FE60019AAF1 /* iGendaTests */ = {
			isa = PBXGroup;
			children = (
				B02DBC7C18868FE60019AAF1 /* iGendaTests.m */,
				B02DBC7718868FE60019AAF1 /* Supporting Files */,
			);
			path = iGendaTests;
			sourceTree = "<group>";
		};
		B02DBC7718868FE60019AAF1 /* Supporting Files */ = {
			isa = PBXGroup;
			children = (
				B02DBC7818868FE60019AAF1 /* iGendaTests-Info.plist */,
				B02DBC7918868FE60019AAF1 /* InfoPlist.strings */,
			);
			name = "Supporting Files";
			sourceTree = "<group>";
		};
		B069E4D31889630D00F9D504 /* json */ = {
			isa = PBXGroup;
			children = (
				B069E4D41889633400F9D504 /* NSObject+SBJson.h */,
				B069E4D51889633400F9D504 /* NSObject+SBJson.m */,
				B069E4D61889633400F9D504 /* SBJson.h */,
				B069E4D71889633400F9D504 /* SBJsonParser.h */,
				B069E4D81889633400F9D504 /* SBJsonParser.m */,
				B069E4D91889633400F9D504 /* SBJsonStreamParser.h */,
				B069E4DA1889633400F9D504 /* SBJsonStreamParser.m */,
				B069E4DB1889633400F9D504 /* SBJsonStreamParserAccumulator.h */,
				B069E4DC1889633400F9D504 /* SBJsonStreamParserAccumulator.m */,
				B069E4DD1889633400F9D504 /* SBJsonStreamParserAdapter.h */,
				B069E4DE1889633400F9D504 /* SBJsonStreamParserAdapter.m */,
				B069E4DF1889633400F9D504 /* SBJsonStreamParserState.h */,
				B069E4E01889633400F9D504 /* SBJsonStreamParserState.m */,
				B069E4E11889633400F9D504 /* SBJsonStreamWriter.h */,
				B069E4E21889633400F9D504 /* SBJsonStreamWriter.m */,
				B069E4E31889633400F9D504 /* SBJsonStreamWriterAccumulator.h */,
				B069E4E41889633400F9D504 /* SBJsonStreamWriterAccumulator.m */,
				B069E4E51889633400F9D504 /* SBJsonStreamWriterState.h */,
				B069E4E61889633400F9D504 /* SBJsonStreamWriterState.m */,
				B069E4E71889633400F9D504 /* SBJsonTokeniser.h */,
				B069E4E81889633400F9D504 /* SBJsonTokeniser.m */,
				B069E4E91889633400F9D504 /* SBJsonUTF8Stream.h */,
				B069E4EA1889633400F9D504 /* SBJsonUTF8Stream.m */,
				B069E4EB1889633400F9D504 /* SBJsonWriter.h */,
				B069E4EC1889633400F9D504 /* SBJsonWriter.m */,
			);
			name = json;
			sourceTree = "<group>";
		};
		BE21D53218894471001C9328 /* Resources */ = {
			isa = PBXGroup;
			children = (
				4ED95FE8188B4F2300EF668A /* contacto.png */,
				BE21D53018893FDD001C9328 /* contact.png */,
			);
			name = Resources;
			sourceTree = "<group>";
		};
/* End PBXGroup section */

/* Begin PBXNativeTarget section */
		B02DBC4A18868FE60019AAF1 /* iGenda */ = {
			isa = PBXNativeTarget;
			buildConfigurationList = B02DBC8018868FE60019AAF1 /* Build configuration list for PBXNativeTarget "iGenda" */;
			buildPhases = (
				B02DBC4718868FE60019AAF1 /* Sources */,
				B02DBC4818868FE60019AAF1 /* Frameworks */,
				B02DBC4918868FE60019AAF1 /* Resources */,
			);
			buildRules = (
			);
			dependencies = (
			);
			name = iGenda;
			productName = iGenda;
			productReference = B02DBC4B18868FE60019AAF1 /* iGenda.app */;
			productType = "com.apple.product-type.application";
		};
		B02DBC6E18868FE60019AAF1 /* iGendaTests */ = {
			isa = PBXNativeTarget;
			buildConfigurationList = B02DBC8318868FE60019AAF1 /* Build configuration list for PBXNativeTarget "iGendaTests" */;
			buildPhases = (
				B02DBC6B18868FE60019AAF1 /* Sources */,
				B02DBC6C18868FE60019AAF1 /* Frameworks */,
				B02DBC6D18868FE60019AAF1 /* Resources */,
			);
			buildRules = (
			);
			dependencies = (
				B02DBC7518868FE60019AAF1 /* PBXTargetDependency */,
			);
			name = iGendaTests;
			productName = iGendaTests;
			productReference = B02DBC6F18868FE60019AAF1 /* iGendaTests.xctest */;
			productType = "com.apple.product-type.bundle.unit-test";
		};
/* End PBXNativeTarget section */

/* Begin PBXProject section */
		B02DBC4318868FE60019AAF1 /* Project object */ = {
			isa = PBXProject;
			attributes = {
				CLASSPREFIX = IGE;
				LastUpgradeCheck = 0500;
				ORGANIZATIONNAME = UMA;
				TargetAttributes = {
					B02DBC4A18868FE60019AAF1 = {
						DevelopmentTeam = 6R699FCK8Q;
					};
					B02DBC6E18868FE60019AAF1 = {
						TestTargetID = B02DBC4A18868FE60019AAF1;
					};
				};
			};
			buildConfigurationList = B02DBC4618868FE60019AAF1 /* Build configuration list for PBXProject "iGenda" */;
			compatibilityVersion = "Xcode 3.2";
			developmentRegion = English;
			hasScannedForEncodings = 0;
			knownRegions = (
				en,
				Base,
			);
			mainGroup = B02DBC4218868FE60019AAF1;
			productRefGroup = B02DBC4C18868FE60019AAF1 /* Products */;
			projectDirPath = "";
			projectRoot = "";
			targets = (
				B02DBC4A18868FE60019AAF1 /* iGenda */,
				B02DBC6E18868FE60019AAF1 /* iGendaTests */,
			);
		};
/* End PBXProject section */

/* Begin PBXResourcesBuildPhase section */
		B02DBC4918868FE60019AAF1 /* Resources */ = {
			isa = PBXResourcesBuildPhase;
			buildActionMask = 2147483647;
			files = (
				B02DBC6A18868FE60019AAF1 /* Images.xcassets in Resources */,
				B02DBC5918868FE60019AAF1 /* InfoPlist.strings in Resources */,
				BE21D53118893FDD001C9328 /* contact.png in Resources */,
				4E0B44D518898FDE001850E8 /* Main.storyboard in Resources */,
				4ED95FE9188B4F2300EF668A /* contacto.png in Resources */,
			);
			runOnlyForDeploymentPostprocessing = 0;
		};
		B02DBC6D18868FE60019AAF1 /* Resources */ = {
			isa = PBXResourcesBuildPhase;
			buildActionMask = 2147483647;
			files = (
				B02DBC7B18868FE60019AAF1 /* InfoPlist.strings in Resources */,
			);
			runOnlyForDeploymentPostprocessing = 0;
		};
/* End PBXResourcesBuildPhase section */

/* Begin PBXSourcesBuildPhase section */
		B02DBC4718868FE60019AAF1 /* Sources */ = {
			isa = PBXSourcesBuildPhase;
			buildActionMask = 2147483647;
			files = (
				83CD6F16188C4818002BA793 /* IGERootViewController.m in Sources */,
				B0A56FD6188AF19700ED8A08 /* IGEEditContactViewController.m in Sources */,
				B069E4D218895ACE00F9D504 /* IGELoginViewController.m in Sources */,
				B069E4F81889633400F9D504 /* SBJsonWriter.m in Sources */,
				B069E4F31889633400F9D504 /* SBJsonStreamWriter.m in Sources */,
				B069E4F61889633400F9D504 /* SBJsonTokeniser.m in Sources */,
				B069E4F41889633400F9D504 /* SBJsonStreamWriterAccumulator.m in Sources */,
				B02DBC5F18868FE60019AAF1 /* IGEAppDelegate.m in Sources */,
				83DD9A3D188EFB4D00E6E9C1 /* IGESetting.m in Sources */,
				B02DBC5B18868FE60019AAF1 /* main.m in Sources */,
				B069E4F21889633400F9D504 /* SBJsonStreamParserState.m in Sources */,
				B069E4EE1889633400F9D504 /* SBJsonParser.m in Sources */,
				B069E4F01889633400F9D504 /* SBJsonStreamParserAccumulator.m in Sources */,
				B069E4F51889633400F9D504 /* SBJsonStreamWriterState.m in Sources */,
				B05DC27F1887E51C00529752 /* IGEPersonasTableViewController.m in Sources */,
				BE21D53E18898C02001C9328 /* IGEGroup.m in Sources */,
				B05DC26C1887D8B100529752 /* IGEAddContactViewController.m in Sources */,
				83DA3B831889532600FBA66E /* IGEGruposViewController.m in Sources */,
				83DA3B861889578700FBA66E /* IGEPersonasFromGrupoViewController.m in Sources */,
				8316A0F0188AF9A300320439 /* IGEShowContactViewController.m in Sources */,
				B069E4F71889633400F9D504 /* SBJsonUTF8Stream.m in Sources */,
				BE21D53518895C9E001C9328 /* IGEFavoritosTableViewController.m in Sources */,
				BE21D54118898C02001C9328 /* Contact.m in Sources */,
				4E4E133D188932250091E604 /* IGETabViewController.m in Sources */,
				BE21D53818898C01001C9328 /* IGEContactToDelete.m in Sources */,
				4E4E1340188936EA0091E604 /* igendamodel.xcdatamodeld in Sources */,
				B069E4EF1889633400F9D504 /* SBJsonStreamParser.m in Sources */,
				B069E4ED1889633400F9D504 /* NSObject+SBJson.m in Sources */,
				8354C07A188ADC6A00728685 /* IGESettingsViewController.m in Sources */,
				B069E4F11889633400F9D504 /* SBJsonStreamParserAdapter.m in Sources */,
				4E00E8DF188C49E500A8E57D /* IGEAddGroupContactViewController.m in Sources */,
			);
			runOnlyForDeploymentPostprocessing = 0;
		};
		B02DBC6B18868FE60019AAF1 /* Sources */ = {
			isa = PBXSourcesBuildPhase;
			buildActionMask = 2147483647;
			files = (
				B02DBC7D18868FE60019AAF1 /* iGendaTests.m in Sources */,
			);
			runOnlyForDeploymentPostprocessing = 0;
		};
/* End PBXSourcesBuildPhase section */

/* Begin PBXTargetDependency section */
		B02DBC7518868FE60019AAF1 /* PBXTargetDependency */ = {
			isa = PBXTargetDependency;
			target = B02DBC4A18868FE60019AAF1 /* iGenda */;
			targetProxy = B02DBC7418868FE60019AAF1 /* PBXContainerItemProxy */;
		};
/* End PBXTargetDependency section */

/* Begin PBXVariantGroup section */
		B02DBC5718868FE60019AAF1 /* InfoPlist.strings */ = {
			isa = PBXVariantGroup;
			children = (
				B02DBC5818868FE60019AAF1 /* en */,
			);
			name = InfoPlist.strings;
			sourceTree = "<group>";
		};
		B02DBC7918868FE60019AAF1 /* InfoPlist.strings */ = {
			isa = PBXVariantGroup;
			children = (
				B02DBC7A18868FE60019AAF1 /* en */,
			);
			name = InfoPlist.strings;
			sourceTree = "<group>";
		};
/* End PBXVariantGroup section */

/* Begin XCBuildConfiguration section */
		B02DBC7E18868FE60019AAF1 /* Debug */ = {
			isa = XCBuildConfiguration;
			buildSettings = {
				ALWAYS_SEARCH_USER_PATHS = NO;
				ARCHS = "$(ARCHS_STANDARD_INCLUDING_64_BIT)";
				CLANG_CXX_LANGUAGE_STANDARD = "gnu++0x";
				CLANG_CXX_LIBRARY = "libc++";
				CLANG_ENABLE_MODULES = YES;
				CLANG_ENABLE_OBJC_ARC = YES;
				CLANG_WARN_BOOL_CONVERSION = YES;
				CLANG_WARN_CONSTANT_CONVERSION = YES;
				CLANG_WARN_DIRECT_OBJC_ISA_USAGE = YES_ERROR;
				CLANG_WARN_EMPTY_BODY = YES;
				CLANG_WARN_ENUM_CONVERSION = YES;
				CLANG_WARN_INT_CONVERSION = YES;
				CLANG_WARN_OBJC_ROOT_CLASS = YES_ERROR;
				CLANG_WARN__DUPLICATE_METHOD_MATCH = YES;
				"CODE_SIGN_IDENTITY[sdk=iphoneos*]" = "iPhone Developer";
				COPY_PHASE_STRIP = NO;
				GCC_C_LANGUAGE_STANDARD = gnu99;
				GCC_DYNAMIC_NO_PIC = NO;
				GCC_OPTIMIZATION_LEVEL = 0;
				GCC_PREPROCESSOR_DEFINITIONS = (
					"DEBUG=1",
					"$(inherited)",
				);
				GCC_SYMBOLS_PRIVATE_EXTERN = NO;
				GCC_WARN_64_TO_32_BIT_CONVERSION = YES;
				GCC_WARN_ABOUT_RETURN_TYPE = YES_ERROR;
				GCC_WARN_UNDECLARED_SELECTOR = YES;
				GCC_WARN_UNINITIALIZED_AUTOS = YES;
				GCC_WARN_UNUSED_FUNCTION = YES;
				GCC_WARN_UNUSED_VARIABLE = YES;
				IPHONEOS_DEPLOYMENT_TARGET = 7.0;
				ONLY_ACTIVE_ARCH = YES;
				SDKROOT = iphoneos;
			};
			name = Debug;
		};
		B02DBC7F18868FE60019AAF1 /* Release */ = {
			isa = XCBuildConfiguration;
			buildSettings = {
				ALWAYS_SEARCH_USER_PATHS = NO;
				ARCHS = "$(ARCHS_STANDARD_INCLUDING_64_BIT)";
				CLANG_CXX_LANGUAGE_STANDARD = "gnu++0x";
				CLANG_CXX_LIBRARY = "libc++";
				CLANG_ENABLE_MODULES = YES;
				CLANG_ENABLE_OBJC_ARC = YES;
				CLANG_WARN_BOOL_CONVERSION = YES;
				CLANG_WARN_CONSTANT_CONVERSION = YES;
				CLANG_WARN_DIRECT_OBJC_ISA_USAGE = YES_ERROR;
				CLANG_WARN_EMPTY_BODY = YES;
				CLANG_WARN_ENUM_CONVERSION = YES;
				CLANG_WARN_INT_CONVERSION = YES;
				CLANG_WARN_OBJC_ROOT_CLASS = YES_ERROR;
				CLANG_WARN__DUPLICATE_METHOD_MATCH = YES;
				"CODE_SIGN_IDENTITY[sdk=iphoneos*]" = "iPhone Developer";
				COPY_PHASE_STRIP = YES;
				ENABLE_NS_ASSERTIONS = NO;
				GCC_C_LANGUAGE_STANDARD = gnu99;
				GCC_WARN_64_TO_32_BIT_CONVERSION = YES;
				GCC_WARN_ABOUT_RETURN_TYPE = YES_ERROR;
				GCC_WARN_UNDECLARED_SELECTOR = YES;
				GCC_WARN_UNINITIALIZED_AUTOS = YES;
				GCC_WARN_UNUSED_FUNCTION = YES;
				GCC_WARN_UNUSED_VARIABLE = YES;
				IPHONEOS_DEPLOYMENT_TARGET = 7.0;
				SDKROOT = iphoneos;
				VALIDATE_PRODUCT = YES;
			};
			name = Release;
		};
		B02DBC8118868FE60019AAF1 /* Debug */ = {
			isa = XCBuildConfiguration;
			buildSettings = {
				ASSETCATALOG_COMPILER_APPICON_NAME = AppIcon;
				ASSETCATALOG_COMPILER_LAUNCHIMAGE_NAME = LaunchImage;
				CODE_SIGN_ENTITLEMENTS = iGenda/iGenda.entitlements;
				CODE_SIGN_IDENTITY = "iPhone Developer";
				"CODE_SIGN_IDENTITY[sdk=iphoneos*]" = "iPhone Developer";
				GCC_PRECOMPILE_PREFIX_HEADER = YES;
				GCC_PREFIX_HEADER = "iGenda/iGenda-Prefix.pch";
				INFOPLIST_FILE = "iGenda/iGenda-Info.plist";
				PRODUCT_NAME = "$(TARGET_NAME)";
				PROVISIONING_PROFILE = "";
				WRAPPER_EXTENSION = app;
			};
			name = Debug;
		};
		B02DBC8218868FE60019AAF1 /* Release */ = {
			isa = XCBuildConfiguration;
			buildSettings = {
				ASSETCATALOG_COMPILER_APPICON_NAME = AppIcon;
				ASSETCATALOG_COMPILER_LAUNCHIMAGE_NAME = LaunchImage;
				CODE_SIGN_ENTITLEMENTS = iGenda/iGenda.entitlements;
				CODE_SIGN_IDENTITY = "iPhone Developer";
				"CODE_SIGN_IDENTITY[sdk=iphoneos*]" = "iPhone Developer";
				GCC_PRECOMPILE_PREFIX_HEADER = YES;
				GCC_PREFIX_HEADER = "iGenda/iGenda-Prefix.pch";
				INFOPLIST_FILE = "iGenda/iGenda-Info.plist";
				PRODUCT_NAME = "$(TARGET_NAME)";
				PROVISIONING_PROFILE = "";
				WRAPPER_EXTENSION = app;
			};
			name = Release;
		};
		B02DBC8418868FE60019AAF1 /* Debug */ = {
			isa = XCBuildConfiguration;
			buildSettings = {
				ARCHS = "$(ARCHS_STANDARD_INCLUDING_64_BIT)";
				BUNDLE_LOADER = "$(BUILT_PRODUCTS_DIR)/iGenda.app/iGenda";
				FRAMEWORK_SEARCH_PATHS = (
					"$(SDKROOT)/Developer/Library/Frameworks",
					"$(inherited)",
					"$(DEVELOPER_FRAMEWORKS_DIR)",
				);
				GCC_PRECOMPILE_PREFIX_HEADER = YES;
				GCC_PREFIX_HEADER = "iGenda/iGenda-Prefix.pch";
				GCC_PREPROCESSOR_DEFINITIONS = (
					"DEBUG=1",
					"$(inherited)",
				);
				INFOPLIST_FILE = "iGendaTests/iGendaTests-Info.plist";
				PRODUCT_NAME = "$(TARGET_NAME)";
				TEST_HOST = "$(BUNDLE_LOADER)";
				WRAPPER_EXTENSION = xctest;
			};
			name = Debug;
		};
		B02DBC8518868FE60019AAF1 /* Release */ = {
			isa = XCBuildConfiguration;
			buildSettings = {
				ARCHS = "$(ARCHS_STANDARD_INCLUDING_64_BIT)";
				BUNDLE_LOADER = "$(BUILT_PRODUCTS_DIR)/iGenda.app/iGenda";
				FRAMEWORK_SEARCH_PATHS = (
					"$(SDKROOT)/Developer/Library/Frameworks",
					"$(inherited)",
					"$(DEVELOPER_FRAMEWORKS_DIR)",
				);
				GCC_PRECOMPILE_PREFIX_HEADER = YES;
				GCC_PREFIX_HEADER = "iGenda/iGenda-Prefix.pch";
				INFOPLIST_FILE = "iGendaTests/iGendaTests-Info.plist";
				PRODUCT_NAME = "$(TARGET_NAME)";
				TEST_HOST = "$(BUNDLE_LOADER)";
				WRAPPER_EXTENSION = xctest;
			};
			name = Release;
		};
/* End XCBuildConfiguration section */

/* Begin XCConfigurationList section */
		B02DBC4618868FE60019AAF1 /* Build configuration list for PBXProject "iGenda" */ = {
			isa = XCConfigurationList;
			buildConfigurations = (
				B02DBC7E18868FE60019AAF1 /* Debug */,
				B02DBC7F18868FE60019AAF1 /* Release */,
			);
			defaultConfigurationIsVisible = 0;
			defaultConfigurationName = Release;
		};
		B02DBC8018868FE60019AAF1 /* Build configuration list for PBXNativeTarget "iGenda" */ = {
			isa = XCConfigurationList;
			buildConfigurations = (
				B02DBC8118868FE60019AAF1 /* Debug */,
				B02DBC8218868FE60019AAF1 /* Release */,
			);
			defaultConfigurationIsVisible = 0;
			defaultConfigurationName = Release;
		};
		B02DBC8318868FE60019AAF1 /* Build configuration list for PBXNativeTarget "iGendaTests" */ = {
			isa = XCConfigurationList;
			buildConfigurations = (
				B02DBC8418868FE60019AAF1 /* Debug */,
				B02DBC8518868FE60019AAF1 /* Release */,
			);
			defaultConfigurationIsVisible = 0;
			defaultConfigurationName = Release;
		};
/* End XCConfigurationList section */

/* Begin XCVersionGroup section */
		4E4E133E188936EA0091E604 /* igendamodel.xcdatamodeld */ = {
			isa = XCVersionGroup;
			children = (
				4E4E133F188936EA0091E604 /* igendamodel.xcdatamodel */,
			);
			currentVersion = 4E4E133F188936EA0091E604 /* igendamodel.xcdatamodel */;
			name = igendamodel.xcdatamodeld;
			path = iGenda/igendamodel.xcdatamodeld;
			sourceTree = "<group>";
			versionGroupType = wrapper.xcdatamodel;
		};
/* End XCVersionGroup section */
	};
	rootObject = B02DBC4318868FE60019AAF1 /* Project object */;
}
